{
  "lockfileVersion": 1,
  "configVersion": 1,
  "workspaces": {
    "": {
      "name": "xrpl-grpc-server",
      "dependencies": {
        "@bufbuild/protobuf": "^2.10.2",
        "@connectrpc/connect": "^2.1.1",
        "xrpl": "^4.5.0",
      },
      "devDependencies": {
        "@biomejs/biome": "^2.3.11",
        "@bufbuild/buf": "^1.64.0",
        "@bufbuild/protoc-gen-es": "^2.10.2",
        "@connectrpc/protoc-gen-connect-es": "^1.7.0",
        "bun-types": "latest",
        "typescript": "^5.9.3",
      },
    },
  },
  "packages": {
    "@biomejs/biome": ["@biomejs/biome@2.3.11", "", { "optionalDependencies": { "@biomejs/cli-darwin-arm64": "2.3.11", "@biomejs/cli-darwin-x64": "2.3.11", "@biomejs/cli-linux-arm64": "2.3.11", "@biomejs/cli-linux-arm64-musl": "2.3.11", "@biomejs/cli-linux-x64": "2.3.11", "@biomejs/cli-linux-x64-musl": "2.3.11", "@biomejs/cli-win32-arm64": "2.3.11", "@biomejs/cli-win32-x64": "2.3.11" }, "bin": { "biome": "bin/biome" } }, "sha512-/zt+6qazBWguPG6+eWmiELqO+9jRsMZ/DBU3lfuU2ngtIQYzymocHhKiZRyrbra4aCOoyTg/BmY+6WH5mv9xmQ=="],

    "@biomejs/cli-darwin-arm64": ["@biomejs/cli-darwin-arm64@2.3.11", "", { "os": "darwin", "cpu": "arm64" }, "sha512-/uXXkBcPKVQY7rc9Ys2CrlirBJYbpESEDme7RKiBD6MmqR2w3j0+ZZXRIL2xiaNPsIMMNhP1YnA+jRRxoOAFrA=="],

    "@biomejs/cli-darwin-x64": ["@biomejs/cli-darwin-x64@2.3.11", "", { "os": "darwin", "cpu": "x64" }, "sha512-fh7nnvbweDPm2xEmFjfmq7zSUiox88plgdHF9OIW4i99WnXrAC3o2P3ag9judoUMv8FCSUnlwJCM1B64nO5Fbg=="],

    "@biomejs/cli-linux-arm64": ["@biomejs/cli-linux-arm64@2.3.11", "", { "os": "linux", "cpu": "arm64" }, "sha512-l4xkGa9E7Uc0/05qU2lMYfN1H+fzzkHgaJoy98wO+b/7Gl78srbCRRgwYSW+BTLixTBrM6Ede5NSBwt7rd/i6g=="],

    "@biomejs/cli-linux-arm64-musl": ["@biomejs/cli-linux-arm64-musl@2.3.11", "", { "os": "linux", "cpu": "arm64" }, "sha512-XPSQ+XIPZMLaZ6zveQdwNjbX+QdROEd1zPgMwD47zvHV+tCGB88VH+aynyGxAHdzL+Tm/+DtKST5SECs4iwCLg=="],

    "@biomejs/cli-linux-x64": ["@biomejs/cli-linux-x64@2.3.11", "", { "os": "linux", "cpu": "x64" }, "sha512-/1s9V/H3cSe0r0Mv/Z8JryF5x9ywRxywomqZVLHAoa/uN0eY7F8gEngWKNS5vbbN/BsfpCG5yeBT5ENh50Frxg=="],

    "@biomejs/cli-linux-x64-musl": ["@biomejs/cli-linux-x64-musl@2.3.11", "", { "os": "linux", "cpu": "x64" }, "sha512-vU7a8wLs5C9yJ4CB8a44r12aXYb8yYgBn+WeyzbMjaCMklzCv1oXr8x+VEyWodgJt9bDmhiaW/I0RHbn7rsNmw=="],

    "@biomejs/cli-win32-arm64": ["@biomejs/cli-win32-arm64@2.3.11", "", { "os": "win32", "cpu": "arm64" }, "sha512-PZQ6ElCOnkYapSsysiTy0+fYX+agXPlWugh6+eQ6uPKI3vKAqNp6TnMhoM3oY2NltSB89hz59o8xIfOdyhi9Iw=="],

    "@biomejs/cli-win32-x64": ["@biomejs/cli-win32-x64@2.3.11", "", { "os": "win32", "cpu": "x64" }, "sha512-43VrG813EW+b5+YbDbz31uUsheX+qFKCpXeY9kfdAx+ww3naKxeVkTD9zLIWxUPfJquANMHrmW3wbe/037G0Qg=="],

    "@bufbuild/buf": ["@bufbuild/buf@1.64.0", "", { "optionalDependencies": { "@bufbuild/buf-darwin-arm64": "1.64.0", "@bufbuild/buf-darwin-x64": "1.64.0", "@bufbuild/buf-linux-aarch64": "1.64.0", "@bufbuild/buf-linux-armv7": "1.64.0", "@bufbuild/buf-linux-x64": "1.64.0", "@bufbuild/buf-win32-arm64": "1.64.0", "@bufbuild/buf-win32-x64": "1.64.0" }, "bin": { "buf": "bin/buf", "protoc-gen-buf-breaking": "bin/protoc-gen-buf-breaking", "protoc-gen-buf-lint": "bin/protoc-gen-buf-lint" } }, "sha512-MC9Zj+pUQsKLEQrsBPmV3CuECYUSD2n82WUcLMu6f49LwSMtKg887B5vPADsf2yMM+6N1LjYHHLb3fN4R1ZGyg=="],

    "@bufbuild/buf-darwin-arm64": ["@bufbuild/buf-darwin-arm64@1.64.0", "", { "os": "darwin", "cpu": "arm64" }, "sha512-wv4WJ/ho9Jt4b/3SuwrzCa7r68yvOSMhnpztPivu75CMF+btZijWYjc/Wt6JkOYbGmsXAlSzyANXZaQM9KCm8g=="],

    "@bufbuild/buf-darwin-x64": ["@bufbuild/buf-darwin-x64@1.64.0", "", { "os": "darwin", "cpu": "x64" }, "sha512-2idJ/x94DzsYbiuLticvevXNiTXeCv/WjO7NYcwo8WXOIBHdGKK6nfoEAa4DMSo2qv/u3O2Q9sublQ+LYmITkw=="],

    "@bufbuild/buf-linux-aarch64": ["@bufbuild/buf-linux-aarch64@1.64.0", "", { "os": "linux", "cpu": "arm64" }, "sha512-954Tg1LKjPHNOuOBJH57SDnvHYBFf3NSWccu8bqBcXcRpdebnRiNCDWPGDhXqXXPfLnAbTYMyOdh+D4KsYsygw=="],

    "@bufbuild/buf-linux-armv7": ["@bufbuild/buf-linux-armv7@1.64.0", "", { "os": "linux", "cpu": "arm" }, "sha512-RDPQK+qMXuA2TV8jvzrGUFR1m+cJ32crxPHXgqmHSd+/LneUdNB/U0euhm94rNP8Xr3EbcMTBQ0kwajF4ZeeKg=="],

    "@bufbuild/buf-linux-x64": ["@bufbuild/buf-linux-x64@1.64.0", "", { "os": "linux", "cpu": "x64" }, "sha512-PONSa1DorjkMASu9EYtd6ckgMQC5MSHi9aY5CqWwV5hl262A43k2qt3EbYCClyGdNjC+Vu8Av9Blfd91Yg5kRw=="],

    "@bufbuild/buf-win32-arm64": ["@bufbuild/buf-win32-arm64@1.64.0", "", { "os": "win32", "cpu": "arm64" }, "sha512-nBEr7udVctBq0TIoCWkoI1BCcwDynKW9u1bX27/0QUnIySm9bgS5AeMyhuWsXKka+kHjR/fMf3tHlP2a5o85ag=="],

    "@bufbuild/buf-win32-x64": ["@bufbuild/buf-win32-x64@1.64.0", "", { "os": "win32", "cpu": "x64" }, "sha512-5dwpWxLRCLKQ3xsrmRs8lGO2lL6mVCKRlgvGDj5PCMy9+BmqmwHtPAYMj+nUtqQqUNnax4oADeIfliMmeUXd7g=="],

    "@bufbuild/protobuf": ["@bufbuild/protobuf@2.10.2", "", {}, "sha512-uFsRXwIGyu+r6AMdz+XijIIZJYpoWeYzILt5yZ2d3mCjQrWUTVpVD9WL/jZAbvp+Ed04rOhrsk7FiTcEDseB5A=="],

    "@bufbuild/protoc-gen-es": ["@bufbuild/protoc-gen-es@2.10.2", "", { "dependencies": { "@bufbuild/protobuf": "2.10.2", "@bufbuild/protoplugin": "2.10.2" }, "bin": { "protoc-gen-es": "bin/protoc-gen-es" } }, "sha512-vbjPsuofbtZwZXuOP7Y16CQsxrwCjuRONffmJSBEhoC7PQu/Cabp0+Fu/poLPm9CNM0tDCQA0xvgobgudaEYxQ=="],

    "@bufbuild/protoplugin": ["@bufbuild/protoplugin@2.10.2", "", { "dependencies": { "@bufbuild/protobuf": "2.10.2", "@typescript/vfs": "^1.6.2", "typescript": "5.4.5" } }, "sha512-RAWVs9tCzRqSS3tUtaFhOcauOAazCrm7tlGh0WHFq/44n5Fj6YgefdlZEPIaAK6VAA+FdOoFgtOJK2Ji5U24pw=="],

    "@connectrpc/connect": ["@connectrpc/connect@2.1.1", "", { "peerDependencies": { "@bufbuild/protobuf": "^2.7.0" } }, "sha512-JzhkaTvM73m2K1URT6tv53k2RwngSmCXLZJgK580qNQOXRzZRR/BCMfZw3h+90JpnG6XksP5bYT+cz0rpUzUWQ=="],

    "@connectrpc/protoc-gen-connect-es": ["@connectrpc/protoc-gen-connect-es@1.7.0", "", { "dependencies": { "@bufbuild/protobuf": "^1.10.0", "@bufbuild/protoplugin": "^1.10.0" }, "peerDependencies": { "@bufbuild/protoc-gen-es": "^1.10.0", "@connectrpc/connect": "1.7.0" }, "optionalPeers": ["@bufbuild/protoc-gen-es", "@connectrpc/connect"], "bin": { "protoc-gen-connect-es": "bin/protoc-gen-connect-es" } }, "sha512-g2rE799dxGgXtwSTBOJoSlzCy3HN0IX/Es8uKsCgXRmco8o277/bb5nz1X8TmvBooCBGNdtEdUDG50olcvS9jQ=="],

    "@noble/curves": ["@noble/curves@1.9.7", "", { "dependencies": { "@noble/hashes": "1.8.0" } }, "sha512-gbKGcRUYIjA3/zCCNaWDciTMFI0dCkvou3TL8Zmy5Nc7sJ47a0jtOeZoTaMxkuqRo9cRhjOdZJXegxYE5FN/xw=="],

    "@noble/hashes": ["@noble/hashes@1.8.0", "", {}, "sha512-jCs9ldd7NwzpgXDIf6P3+NrHh9/sD6CQdxHyjQI+h/6rDNo88ypBxxz45UDuZHz9r3tNz7N/VInSVoVdtXEI4A=="],

    "@scure/base": ["@scure/base@1.2.6", "", {}, "sha512-g/nm5FgUa//MCj1gV09zTJTaM6KBAHqLN907YVQqf7zC49+DcO4B1so4ZX07Ef10Twr6nuqYEH9GEggFXA4Fmg=="],

    "@scure/bip32": ["@scure/bip32@1.7.0", "", { "dependencies": { "@noble/curves": "~1.9.0", "@noble/hashes": "~1.8.0", "@scure/base": "~1.2.5" } }, "sha512-E4FFX/N3f4B80AKWp5dP6ow+flD1LQZo/w8UnLGYZO674jS6YnYeepycOOksv+vLPSpgN35wgKgy+ybfTb2SMw=="],

    "@scure/bip39": ["@scure/bip39@1.6.0", "", { "dependencies": { "@noble/hashes": "~1.8.0", "@scure/base": "~1.2.5" } }, "sha512-+lF0BbLiJNwVlev4eKelw1WWLaiKXw7sSl8T6FvBlWkdX+94aGJ4o8XjUdlyhTCjd8c+B3KT3JfS8P0bLRNU6A=="],

    "@types/node": ["@types/node@25.0.9", "", { "dependencies": { "undici-types": "~7.16.0" } }, "sha512-/rpCXHlCWeqClNBwUhDcusJxXYDjZTyE8v5oTO7WbL8eij2nKhUeU89/6xgjU7N4/Vh3He0BtyhJdQbDyhiXAw=="],

    "@typescript/vfs": ["@typescript/vfs@1.6.2", "", { "dependencies": { "debug": "^4.1.1" }, "peerDependencies": { "typescript": "*" } }, "sha512-hoBwJwcbKHmvd2QVebiytN1aELvpk9B74B4L1mFm/XT1Q/VOYAWl2vQ9AWRFtQq8zmz6enTpfTV8WRc4ATjW/g=="],

    "@xrplf/isomorphic": ["@xrplf/isomorphic@1.0.1", "", { "dependencies": { "@noble/hashes": "^1.0.0", "eventemitter3": "5.0.1", "ws": "^8.13.0" } }, "sha512-0bIpgx8PDjYdrLFeC3csF305QQ1L7sxaWnL5y71mCvhenZzJgku9QsA+9QCXBC1eNYtxWO/xR91zrXJy2T/ixg=="],

    "@xrplf/secret-numbers": ["@xrplf/secret-numbers@2.0.0", "", { "dependencies": { "@xrplf/isomorphic": "^1.0.1", "ripple-keypairs": "^2.0.0" } }, "sha512-z3AOibRTE9E8MbjgzxqMpG1RNaBhQ1jnfhNCa1cGf2reZUJzPMYs4TggQTc7j8+0WyV3cr7y/U8Oz99SXIkN5Q=="],

    "bignumber.js": ["bignumber.js@9.3.1", "", {}, "sha512-Ko0uX15oIUS7wJ3Rb30Fs6SkVbLmPBAKdlm7q9+ak9bbIeFf0MwuBsQV6z7+X768/cHsfg+WlysDWJcmthjsjQ=="],

    "bun-types": ["bun-types@1.3.6", "", { "dependencies": { "@types/node": "*" } }, "sha512-OlFwHcnNV99r//9v5IIOgQ9Uk37gZqrNMCcqEaExdkVq3Avwqok1bJFmvGMCkCE0FqzdY8VMOZpfpR3lwI+CsQ=="],

    "debug": ["debug@4.4.3", "", { "dependencies": { "ms": "^2.1.3" } }, "sha512-RGwwWnwQvkVfavKVt22FGLw+xYSdzARwm0ru6DhTVA3umU5hZc28V3kO4stgYryrTlLpuvgI9GiijltAjNbcqA=="],

    "eventemitter3": ["eventemitter3@5.0.4", "", {}, "sha512-mlsTRyGaPBjPedk6Bvw+aqbsXDtoAyAzm5MO7JgU+yVRyMQ5O8bD4Kcci7BS85f93veegeCPkL8R4GLClnjLFw=="],

    "fast-json-stable-stringify": ["fast-json-stable-stringify@2.1.0", "", {}, "sha512-lhd/wF+Lk98HZoTCtlVraHtfh5XYijIjalXck7saUtuanSDyLMxnHhSXEDJqHxD7msR8D0uCmqlkwjCV8xvwHw=="],

    "ms": ["ms@2.1.3", "", {}, "sha512-6FlzubTLZG3J2a/NVCAleEhjzq5oxgHyaCU9yYXvcLsvoVaHJq/s5xXI6/XXP6tz7R9xAOtHnSO/tXtF3WRTlA=="],

    "ripple-address-codec": ["ripple-address-codec@5.0.0", "", { "dependencies": { "@scure/base": "^1.1.3", "@xrplf/isomorphic": "^1.0.0" } }, "sha512-de7osLRH/pt5HX2xw2TRJtbdLLWHu0RXirpQaEeCnWKY5DYHykh3ETSkofvm0aX0LJiV7kwkegJxQkmbO94gWw=="],

    "ripple-binary-codec": ["ripple-binary-codec@2.6.0", "", { "dependencies": { "@xrplf/isomorphic": "^1.0.1", "bignumber.js": "^9.0.0", "ripple-address-codec": "^5.0.0" } }, "sha512-OJBRxjjalO7SrIwydHhcC9wOFLoeKcawoqSEfGZilAtXROYTWHx5kTly2VcUMmMMSEYIh1+yEstBtLBObNjeKQ=="],

    "ripple-keypairs": ["ripple-keypairs@2.0.0", "", { "dependencies": { "@noble/curves": "^1.0.0", "@xrplf/isomorphic": "^1.0.0", "ripple-address-codec": "^5.0.0" } }, "sha512-b5rfL2EZiffmklqZk1W+dvSy97v3V/C7936WxCCgDynaGPp7GE6R2XO7EU9O2LlM/z95rj870IylYnOQs+1Rag=="],

    "typescript": ["typescript@5.9.3", "", { "bin": { "tsc": "bin/tsc", "tsserver": "bin/tsserver" } }, "sha512-jl1vZzPDinLr9eUt3J/t7V6FgNEw9QjvBPdysz9KfQDD41fQrC2Y4vKQdiaUpFT4bXlb1RHhLpp8wtm6M5TgSw=="],

    "undici-types": ["undici-types@7.16.0", "", {}, "sha512-Zz+aZWSj8LE6zoxD+xrjh4VfkIG8Ya6LvYkZqtUQGJPZjYl53ypCaUwWqo7eI0x66KBGeRo+mlBEkMSeSZ38Nw=="],

    "ws": ["ws@8.19.0", "", { "peerDependencies": { "bufferutil": "^4.0.1", "utf-8-validate": ">=5.0.2" }, "optionalPeers": ["bufferutil", "utf-8-validate"] }, "sha512-blAT2mjOEIi0ZzruJfIhb3nps74PRWTCz1IjglWEEpQl5XS/UNama6u2/rjFkDDouqr4L67ry+1aGIALViWjDg=="],

    "xrpl": ["xrpl@4.5.0", "", { "dependencies": { "@scure/bip32": "^1.3.1", "@scure/bip39": "^1.2.1", "@xrplf/isomorphic": "^1.0.1", "@xrplf/secret-numbers": "^2.0.0", "bignumber.js": "^9.0.0", "eventemitter3": "^5.0.1", "fast-json-stable-stringify": "^2.1.0", "ripple-address-codec": "^5.0.0", "ripple-binary-codec": "^2.6.0", "ripple-keypairs": "^2.0.0" } }, "sha512-fH3mmRMAiio53JaiPOhbaBLPo9H5qLpgHLkt2YWfrwppjvw70wjRcMBXGB67yEl4KWVi7yDhnZBbrtUdZrNHhA=="],

    "@bufbuild/protoplugin/typescript": ["typescript@5.4.5", "", { "bin": { "tsc": "bin/tsc", "tsserver": "bin/tsserver" } }, "sha512-vcI4UpRgg81oIRUFwR0WSIHKt11nJ7SAVlYNIu+QpqeyXP+gpQJy/Z4+F0aGxSE4MqwjyXvW/TzgkLAx2AGHwQ=="],

    "@connectrpc/protoc-gen-connect-es/@bufbuild/protobuf": ["@bufbuild/protobuf@1.10.1", "", {}, "sha512-wJ8ReQbHxsAfXhrf9ixl0aYbZorRuOWpBNzm8pL8ftmSxQx/wnJD5Eg861NwJU/czy2VXFIebCeZnZrI9rktIQ=="],

    "@connectrpc/protoc-gen-connect-es/@bufbuild/protoplugin": ["@bufbuild/protoplugin@1.10.1", "", { "dependencies": { "@bufbuild/protobuf": "1.10.1", "@typescript/vfs": "^1.4.0", "typescript": "4.5.2" } }, "sha512-LaSbfwabAFIvbVnbn8jWwElRoffCIxhVraO8arliVwWupWezHLXgqPHEYLXZY/SsAR+/YsFBQJa8tAGtNPJyaQ=="],

    "@xrplf/isomorphic/eventemitter3": ["eventemitter3@5.0.1", "", {}, "sha512-GWkBvjiSZK87ELrYOSESUYeVIc9mvLLf/nXalMOS5dYrgZq9o5OVkbZAVM06CVxYsCwH9BDZFPlQTlPA1j4ahA=="],

    "@connectrpc/protoc-gen-connect-es/@bufbuild/protoplugin/typescript": ["typescript@4.5.2", "", { "bin": { "tsc": "bin/tsc", "tsserver": "bin/tsserver" } }, "sha512-5BlMof9H1yGt0P8/WF+wPNw6GfctgGjXp5hkblpyT+8rkASSmkUKMXrxR0Xg8ThVCi/JnHQiKXeBaEwCeQwMFw=="],
  }
}
